
Microsoft Visual Studio Solution File, Format Version 12.00
# Visual Studio Version 17
VisualStudioVersion = 17.4.33205.214
MinimumVisualStudioVersion = 10.0.40219.1
Project("{FAE04EC0-301F-11D3-BF4B-00C04F79EFBC}") = "Warehouse_Sim-opti", "Warehouse_Sim-opti\Warehouse_Sim-opti.csproj", "{4ECAA540-7222-4678-BBC5-48840BB89A80}"
EndProject
Global
	GlobalSection(SolutionConfigurationPlatforms) = preSolution
		Debug|Any CPU = Debug|Any CPU
		Release|Any CPU = Release|Any CPU
	EndGlobalSection
	GlobalSection(ProjectConfigurationPlatforms) = postSolution
		{4ECAA540-7222-4678-BBC5-48840BB89A80}.Debug|Any CPU.ActiveCfg = Debug|Any CPU
		{4ECAA540-7222-4678-BBC5-48840BB89A80}.Debug|Any CPU.Build.0 = Debug|Any CPU
		{4ECAA540-7222-4678-BBC5-48840BB89A80}.Release|Any CPU.ActiveCfg = Release|Any CPU
		{4ECAA540-7222-4678-BBC5-48840BB89A80}.Release|Any CPU.Build.0 = Release|Any CPU
	EndGlobalSection
	GlobalSection(SolutionProperties) = preSolution
		HideSolutionNode = FALSE
	EndGlobalSection
	GlobalSection(ExtensibilityGlobals) = postSolution
		SolutionGuid = {AADD4C07-B9E9-48B6-B77D-458E9DBA1894}
	EndGlobalSection
EndGlobal
